// !$*UTF8*$!
{
	archiveVersion = 1;
	classes = {
	};
	objectVersion = 52;
	objects = {

/* Begin PBXBuildFile section */
		E358B9AE2459EF5D008CEB0F /* Main.storyboard in Resources */ = {isa = PBXBuildFile; fileRef = E358B9AD2459EF5D008CEB0F /* Main.storyboard */; };
		E358B9B02459FDC5008CEB0F /* AppTabbarController.swift in Sources */ = {isa = PBXBuildFile; fileRef = E358B9AF2459FDC5008CEB0F /* AppTabbarController.swift */; };
		E358B9B32459FFE6008CEB0F /* Search.storyboard in Resources */ = {isa = PBXBuildFile; fileRef = E358B9B22459FFE6008CEB0F /* Search.storyboard */; };
		E358B9B5245A0002008CEB0F /* SearchViewController.swift in Sources */ = {isa = PBXBuildFile; fileRef = E358B9B4245A0002008CEB0F /* SearchViewController.swift */; };
		E358B9B7245DE571008CEB0F /* RecommendListViewController.swift in Sources */ = {isa = PBXBuildFile; fileRef = E358B9B6245DE571008CEB0F /* RecommendListViewController.swift */; };
		E358B9B9245DF109008CEB0F /* RecommendCell.swift in Sources */ = {isa = PBXBuildFile; fileRef = E358B9B8245DF109008CEB0F /* RecommendCell.swift */; };
		E358B9BB245DF3AE008CEB0F /* HomeViewController.swift in Sources */ = {isa = PBXBuildFile; fileRef = E358B9BA245DF3AE008CEB0F /* HomeViewController.swift */; };
		E358B9BE245E014C008CEB0F /* Player.storyboard in Resources */ = {isa = PBXBuildFile; fileRef = E358B9BD245E014C008CEB0F /* Player.storyboard */; };
		E358B9C0245E0158008CEB0F /* PlayerViewController.swift in Sources */ = {isa = PBXBuildFile; fileRef = E358B9BF245E0158008CEB0F /* PlayerViewController.swift */; };
		E358B9C2245E0163008CEB0F /* PlayerView.swift in Sources */ = {isa = PBXBuildFile; fileRef = E358B9C1245E0163008CEB0F /* PlayerView.swift */; };
		E358B9C424607E3D008CEB0F /* Movie.swift in Sources */ = {isa = PBXBuildFile; fileRef = E358B9C324607E3D008CEB0F /* Movie.swift */; };
		E358B9C624607E62008CEB0F /* Response.swift in Sources */ = {isa = PBXBuildFile; fileRef = E358B9C524607E62008CEB0F /* Response.swift */; };
		E358B9C824608BE3008CEB0F /* ResultCell.swift in Sources */ = {isa = PBXBuildFile; fileRef = E358B9C724608BE3008CEB0F /* ResultCell.swift */; };
		E358B9CB2460985C008CEB0F /* Kingfisher in Frameworks */ = {isa = PBXBuildFile; productRef = E358B9CA2460985C008CEB0F /* Kingfisher */; };
		E38890932456C5E100DAACAB /* AppDelegate.swift in Sources */ = {isa = PBXBuildFile; fileRef = E38890922456C5E100DAACAB /* AppDelegate.swift */; };
		E38890952456C5E100DAACAB /* SceneDelegate.swift in Sources */ = {isa = PBXBuildFile; fileRef = E38890942456C5E100DAACAB /* SceneDelegate.swift */; };
		E388909C2456C5E300DAACAB /* Assets.xcassets in Resources */ = {isa = PBXBuildFile; fileRef = E388909B2456C5E300DAACAB /* Assets.xcassets */; };
		E388909F2456C5E300DAACAB /* LaunchScreen.storyboard in Resources */ = {isa = PBXBuildFile; fileRef = E388909D2456C5E300DAACAB /* LaunchScreen.storyboard */; };
/* End PBXBuildFile section */

/* Begin PBXFileReference section */
		E358B9AD2459EF5D008CEB0F /* Main.storyboard */ = {isa = PBXFileReference; lastKnownFileType = file.storyboard; path = Main.storyboard; sourceTree = "<group>"; };
		E358B9AF2459FDC5008CEB0F /* AppTabbarController.swift */ = {isa = PBXFileReference; lastKnownFileType = sourcecode.swift; path = AppTabbarController.swift; sourceTree = "<group>"; };
		E358B9B22459FFE6008CEB0F /* Search.storyboard */ = {isa = PBXFileReference; lastKnownFileType = file.storyboard; path = Search.storyboard; sourceTree = "<group>"; };
		E358B9B4245A0002008CEB0F /* SearchViewController.swift */ = {isa = PBXFileReference; lastKnownFileType = sourcecode.swift; path = SearchViewController.swift; sourceTree = "<group>"; };
		E358B9B6245DE571008CEB0F /* RecommendListViewController.swift */ = {isa = PBXFileReference; lastKnownFileType = sourcecode.swift; path = RecommendListViewController.swift; sourceTree = "<group>"; };
		E358B9B8245DF109008CEB0F /* RecommendCell.swift */ = {isa = PBXFileReference; lastKnownFileType = sourcecode.swift; path = RecommendCell.swift; sourceTree = "<group>"; };
		E358B9BA245DF3AE008CEB0F /* HomeViewController.swift */ = {isa = PBXFileReference; lastKnownFileType = sourcecode.swift; path = HomeViewController.swift; sourceTree = "<group>"; };
		E358B9BD245E014C008CEB0F /* Player.storyboard */ = {isa = PBXFileReference; lastKnownFileType = file.storyboard; path = Player.storyboard; sourceTree = "<group>"; };
		E358B9BF245E0158008CEB0F /* PlayerViewController.swift */ = {isa = PBXFileReference; lastKnownFileType = sourcecode.swift; path = PlayerViewController.swift; sourceTree = "<group>"; };
		E358B9C1245E0163008CEB0F /* PlayerView.swift */ = {isa = PBXFileReference; lastKnownFileType = sourcecode.swift; path = PlayerView.swift; sourceTree = "<group>"; };
		E358B9C324607E3D008CEB0F /* Movie.swift */ = {isa = PBXFileReference; lastKnownFileType = sourcecode.swift; path = Movie.swift; sourceTree = "<group>"; };
		E358B9C524607E62008CEB0F /* Response.swift */ = {isa = PBXFileReference; lastKnownFileType = sourcecode.swift; path = Response.swift; sourceTree = "<group>"; };
		E358B9C724608BE3008CEB0F /* ResultCell.swift */ = {isa = PBXFileReference; lastKnownFileType = sourcecode.swift; path = ResultCell.swift; sourceTree = "<group>"; };
		E388908F2456C5E100DAACAB /* MyNetflix.app */ = {isa = PBXFileReference; explicitFileType = wrapper.application; includeInIndex = 0; path = MyNetflix.app; sourceTree = BUILT_PRODUCTS_DIR; };
		E38890922456C5E100DAACAB /* AppDelegate.swift */ = {isa = PBXFileReference; lastKnownFileType = sourcecode.swift; path = AppDelegate.swift; sourceTree = "<group>"; };
		E38890942456C5E100DAACAB /* SceneDelegate.swift */ = {isa = PBXFileReference; lastKnownFileType = sourcecode.swift; path = SceneDelegate.swift; sourceTree = "<group>"; };
		E388909B2456C5E300DAACAB /* Assets.xcassets */ = {isa = PBXFileReference; lastKnownFileType = folder.assetcatalog; path = Assets.xcassets; sourceTree = "<group>"; };
		E388909E2456C5E300DAACAB /* Base */ = {isa = PBXFileReference; lastKnownFileType = file.storyboard; name = Base; path = Base.lproj/LaunchScreen.storyboard; sourceTree = "<group>"; };
		E38890A02456C5E300DAACAB /* Info.plist */ = {isa = PBXFileReference; lastKnownFileType = text.plist.xml; path = Info.plist; sourceTree = "<group>"; };
/* End PBXFileReference section */

/* Begin PBXFrameworksBuildPhase section */
		E388908C2456C5E100DAACAB /* Frameworks */ = {
			isa = PBXFrameworksBuildPhase;
			buildActionMask = 2147483647;
			files = (
				E358B9CB2460985C008CEB0F /* Kingfisher in Frameworks */,
			);
			runOnlyForDeploymentPostprocessing = 0;
		};
/* End PBXFrameworksBuildPhase section */

/* Begin PBXGroup section */
		E358B9AA2459EEB9008CEB0F /* Supporting Files */ = {
			isa = PBXGroup;
			children = (
				E38890942456C5E100DAACAB /* SceneDelegate.swift */,
				E38890922456C5E100DAACAB /* AppDelegate.swift */,
				E388909B2456C5E300DAACAB /* Assets.xcassets */,
			);
			path = "Supporting Files";
			sourceTree = "<group>";
		};
		E358B9AB2459EEBB008CEB0F /* Sources */ = {
			isa = PBXGroup;
			children = (
				E358B9AC2459EF3F008CEB0F /* Main */,
				E358B9BC245E0138008CEB0F /* Player */,
				E358B9B12459FFD9008CEB0F /* Search */,
			);
			path = Sources;
			sourceTree = "<group>";
		};
		E358B9AC2459EF3F008CEB0F /* Main */ = {
			isa = PBXGroup;
			children = (
				E358B9AD2459EF5D008CEB0F /* Main.storyboard */,
				E358B9BA245DF3AE008CEB0F /* HomeViewController.swift */,
				E358B9AF2459FDC5008CEB0F /* AppTabbarController.swift */,
				E358B9B6245DE571008CEB0F /* RecommendListViewController.swift */,
				E358B9B8245DF109008CEB0F /* RecommendCell.swift */,
			);
			path = Main;
			sourceTree = "<group>";
		};
		E358B9B12459FFD9008CEB0F /* Search */ = {
			isa = PBXGroup;
			children = (
				E358B9B22459FFE6008CEB0F /* Search.storyboard */,
				E358B9B4245A0002008CEB0F /* SearchViewController.swift */,
				E358B9C524607E62008CEB0F /* Response.swift */,
				E358B9C324607E3D008CEB0F /* Movie.swift */,
				E358B9C724608BE3008CEB0F /* ResultCell.swift */,
			);
			path = Search;
			sourceTree = "<group>";
		};
		E358B9BC245E0138008CEB0F /* Player */ = {
			isa = PBXGroup;
			children = (
				E358B9BD245E014C008CEB0F /* Player.storyboard */,
				E358B9BF245E0158008CEB0F /* PlayerViewController.swift */,
				E358B9C1245E0163008CEB0F /* PlayerView.swift */,
			);
			name = Player;
			path = ../Player;
			sourceTree = "<group>";
		};
		E38890862456C5E100DAACAB = {
			isa = PBXGroup;
			children = (
				E38890912456C5E100DAACAB /* MyNetflix */,
				E38890902456C5E100DAACAB /* Products */,
			);
			sourceTree = "<group>";
		};
		E38890902456C5E100DAACAB /* Products */ = {
			isa = PBXGroup;
			children = (
				E388908F2456C5E100DAACAB /* MyNetflix.app */,
			);
			name = Products;
			sourceTree = "<group>";
		};
		E38890912456C5E100DAACAB /* MyNetflix */ = {
			isa = PBXGroup;
			children = (
				E358B9AB2459EEBB008CEB0F /* Sources */,
				E358B9AA2459EEB9008CEB0F /* Supporting Files */,
				E388909D2456C5E300DAACAB /* LaunchScreen.storyboard */,
				E38890A02456C5E300DAACAB /* Info.plist */,
			);
			path = MyNetflix;
			sourceTree = "<group>";
		};
/* End PBXGroup section */

/* Begin PBXNativeTarget section */
		E388908E2456C5E100DAACAB /* MyNetflix */ = {
			isa = PBXNativeTarget;
			buildConfigurationList = E38890A32456C5E300DAACAB /* Build configuration list for PBXNativeTarget "MyNetflix" */;
			buildPhases = (
				E388908B2456C5E100DAACAB /* Sources */,
				E388908C2456C5E100DAACAB /* Frameworks */,
				E388908D2456C5E100DAACAB /* Resources */,
			);
			buildRules = (
			);
			dependencies = (
			);
			name = MyNetflix;
			packageProductDependencies = (
				E358B9CA2460985C008CEB0F /* Kingfisher */,
			);
			productName = MyNetflix;
			productReference = E388908F2456C5E100DAACAB /* MyNetflix.app */;
			productType = "com.apple.product-type.application";
		};
/* End PBXNativeTarget section */

/* Begin PBXProject section */
		E38890872456C5E100DAACAB /* Project object */ = {
			isa = PBXProject;
			attributes = {
				LastSwiftUpdateCheck = 1140;
				LastUpgradeCheck = 1140;
				ORGANIZATIONNAME = jeongminho;
				TargetAttributes = {
					E388908E2456C5E100DAACAB = {
						CreatedOnToolsVersion = 11.4.1;
					};
				};
			};
			buildConfigurationList = E388908A2456C5E100DAACAB /* Build configuration list for PBXProject "MyNetflix" */;
			compatibilityVersion = "Xcode 9.3";
			developmentRegion = en;
			hasScannedForEncodings = 0;
			knownRegions = (
				en,
				Base,
			);
			mainGroup = E38890862456C5E100DAACAB;
			packageReferences = (
				E358B9C92460985C008CEB0F /* XCRemoteSwiftPackageReference "Kingfisher" */,
			);
			productRefGroup = E38890902456C5E100DAACAB /* Products */;
			projectDirPath = "";
			projectRoot = "";
			targets = (
				E388908E2456C5E100DAACAB /* MyNetflix */,
			);
		};
/* End PBXProject section */

/* Begin PBXResourcesBuildPhase section */
		E388908D2456C5E100DAACAB /* Resources */ = {
			isa = PBXResourcesBuildPhase;
			buildActionMask = 2147483647;
			files = (
				E358B9AE2459EF5D008CEB0F /* Main.storyboard in Resources */,
				E388909F2456C5E300DAACAB /* LaunchScreen.storyboard in Resources */,
				E358B9BE245E014C008CEB0F /* Player.storyboard in Resources */,
				E358B9B32459FFE6008CEB0F /* Search.storyboard in Resources */,
				E388909C2456C5E300DAACAB /* Assets.xcassets in Resources */,
			);
			runOnlyForDeploymentPostprocessing = 0;
		};
/* End PBXResourcesBuildPhase section */

/* Begin PBXSourcesBuildPhase section */
		E388908B2456C5E100DAACAB /* Sources */ = {
			isa = PBXSourcesBuildPhase;
			buildActionMask = 2147483647;
			files = (
				E358B9C2245E0163008CEB0F /* PlayerView.swift in Sources */,
				E358B9B02459FDC5008CEB0F /* AppTabbarController.swift in Sources */,
				E358B9C824608BE3008CEB0F /* ResultCell.swift in Sources */,
				E358B9C0245E0158008CEB0F /* PlayerViewController.swift in Sources */,
				E38890932456C5E100DAACAB /* AppDelegate.swift in Sources */,
				E358B9C424607E3D008CEB0F /* Movie.swift in Sources */,
				E358B9B5245A0002008CEB0F /* SearchViewController.swift in Sources */,
				E358B9B7245DE571008CEB0F /* RecommendListViewController.swift in Sources */,
				E358B9C624607E62008CEB0F /* Response.swift in Sources */,
				E358B9B9245DF109008CEB0F /* RecommendCell.swift in Sources */,
				E358B9BB245DF3AE008CEB0F /* HomeViewController.swift in Sources */,
				E38890952456C5E100DAACAB /* SceneDelegate.swift in Sources */,
			);
			runOnlyForDeploymentPostprocessing = 0;
		};
/* End PBXSourcesBuildPhase section */

/* Begin PBXVariantGroup section */
		E388909D2456C5E300DAACAB /* LaunchScreen.storyboard */ = {
			isa = PBXVariantGroup;
			children = (
				E388909E2456C5E300DAACAB /* Base */,
			);
			name = LaunchScreen.storyboard;
			sourceTree = "<group>";
		};
/* End PBXVariantGroup section */

/* Begin XCBuildConfiguration section */
		E38890A12456C5E300DAACAB /* Debug */ = {
			isa = XCBuildConfiguration;
			buildSettings = {
				ALWAYS_SEARCH_USER_PATHS = NO;
				CLANG_ANALYZER_NONNULL = YES;
				CLANG_ANALYZER_NUMBER_OBJECT_CONVERSION = YES_AGGRESSIVE;
				CLANG_CXX_LANGUAGE_STANDARD = "gnu++14";
				CLANG_CXX_LIBRARY = "libc++";
				CLANG_ENABLE_MODULES = YES;
				CLANG_ENABLE_OBJC_ARC = YES;
				CLANG_ENABLE_OBJC_WEAK = YES;
				CLANG_WARN_BLOCK_CAPTURE_AUTORELEASING = YES;
				CLANG_WARN_BOOL_CONVERSION = YES;
				CLANG_WARN_COMMA = YES;
				CLANG_WARN_CONSTANT_CONVERSION = YES;
				CLANG_WARN_DEPRECATED_OBJC_IMPLEMENTATIONS = YES;
				CLANG_WARN_DIRECT_OBJC_ISA_USAGE = YES_ERROR;
				CLANG_WARN_DOCUMENTATION_COMMENTS = YES;
				CLANG_WARN_EMPTY_BODY = YES;
				CLANG_WARN_ENUM_CONVERSION = YES;
				CLANG_WARN_INFINITE_RECURSION = YES;
				CLANG_WARN_INT_CONVERSION = YES;
				CLANG_WARN_NON_LITERAL_NULL_CONVERSION = YES;
				CLANG_WARN_OBJC_IMPLICIT_RETAIN_SELF = YES;
				CLANG_WARN_OBJC_LITERAL_CONVERSION = YES;
				CLANG_WARN_OBJC_ROOT_CLASS = YES_ERROR;
				CLANG_WARN_RANGE_LOOP_ANALYSIS = YES;
				CLANG_WARN_STRICT_PROTOTYPES = YES;
				CLANG_WARN_SUSPICIOUS_MOVE = YES;
				CLANG_WARN_UNGUARDED_AVAILABILITY = YES_AGGRESSIVE;
				CLANG_WARN_UNREACHABLE_CODE = YES;
				CLANG_WARN__DUPLICATE_METHOD_MATCH = YES;
				COPY_PHASE_STRIP = NO;
				DEBUG_INFORMATION_FORMAT = dwarf;
				ENABLE_STRICT_OBJC_MSGSEND = YES;
				ENABLE_TESTABILITY = YES;
				GCC_C_LANGUAGE_STANDARD = gnu11;
				GCC_DYNAMIC_NO_PIC = NO;
				GCC_NO_COMMON_BLOCKS = YES;
				GCC_OPTIMIZATION_LEVEL = 0;
				GCC_PREPROCESSOR_DEFINITIONS = (
					"DEBUG=1",
					"$(inherited)",
				);
				GCC_WARN_64_TO_32_BIT_CONVERSION = YES;
				GCC_WARN_ABOUT_RETURN_TYPE = YES_ERROR;
				GCC_WARN_UNDECLARED_SELECTOR = YES;
				GCC_WARN_UNINITIALIZED_AUTOS = YES_AGGRESSIVE;
				GCC_WARN_UNUSED_FUNCTION = YES;
				GCC_WARN_UNUSED_VARIABLE = YES;
				INFOPLIST_FILE = "";
				IPHONEOS_DEPLOYMENT_TARGET = 13.4;
				MTL_ENABLE_DEBUG_INFO = INCLUDE_SOURCE;
				MTL_FAST_MATH = YES;
				ONLY_ACTIVE_ARCH = YES;
				SDKROOT = iphoneos;
				SWIFT_ACTIVE_COMPILATION_CONDITIONS = DEBUG;
				SWIFT_OPTIMIZATION_LEVEL = "-Onone";
			};
			name = Debug;
		};
		E38890A22456C5E300DAACAB /* Release */ = {
			isa = XCBuildConfiguration;
			buildSettings = {
				ALWAYS_SEARCH_USER_PATHS = NO;
				CLANG_ANALYZER_NONNULL = YES;
				CLANG_ANALYZER_NUMBER_OBJECT_CONVERSION = YES_AGGRESSIVE;
				CLANG_CXX_LANGUAGE_STANDARD = "gnu++14";
				CLANG_CXX_LIBRARY = "libc++";
				CLANG_ENABLE_MODULES = YES;
				CLANG_ENABLE_OBJC_ARC = YES;
				CLANG_ENABLE_OBJC_WEAK = YES;
				CLANG_WARN_BLOCK_CAPTURE_AUTORELEASING = YES;
				CLANG_WARN_BOOL_CONVERSION = YES;
				CLANG_WARN_COMMA = YES;
				CLANG_WARN_CONSTANT_CONVERSION = YES;
				CLANG_WARN_DEPRECATED_OBJC_IMPLEMENTATIONS = YES;
				CLANG_WARN_DIRECT_OBJC_ISA_USAGE = YES_ERROR;
				CLANG_WARN_DOCUMENTATION_COMMENTS = YES;
				CLANG_WARN_EMPTY_BODY = YES;
				CLANG_WARN_ENUM_CONVERSION = YES;
				CLANG_WARN_INFINITE_RECURSION = YES;
				CLANG_WARN_INT_CONVERSION = YES;
				CLANG_WARN_NON_LITERAL_NULL_CONVERSION = YES;
				CLANG_WARN_OBJC_IMPLICIT_RETAIN_SELF = YES;
				CLANG_WARN_OBJC_LITERAL_CONVERSION = YES;
				CLANG_WARN_OBJC_ROOT_CLASS = YES_ERROR;
				CLANG_WARN_RANGE_LOOP_ANALYSIS = YES;
				CLANG_WARN_STRICT_PROTOTYPES = YES;
				CLANG_WARN_SUSPICIOUS_MOVE = YES;
				CLANG_WARN_UNGUARDED_AVAILABILITY = YES_AGGRESSIVE;
				CLANG_WARN_UNREACHABLE_CODE = YES;
				CLANG_WARN__DUPLICATE_METHOD_MATCH = YES;
				COPY_PHASE_STRIP = NO;
				DEBUG_INFORMATION_FORMAT = "dwarf-with-dsym";
				ENABLE_NS_ASSERTIONS = NO;
				ENABLE_STRICT_OBJC_MSGSEND = YES;
				GCC_C_LANGUAGE_STANDARD = gnu11;
				GCC_NO_COMMON_BLOCKS = YES;
				GCC_WARN_64_TO_32_BIT_CONVERSION = YES;
				GCC_WARN_ABOUT_RETURN_TYPE = YES_ERROR;
				GCC_WARN_UNDECLARED_SELECTOR = YES;
				GCC_WARN_UNINITIALIZED_AUTOS = YES_AGGRESSIVE;
				GCC_WARN_UNUSED_FUNCTION = YES;
				GCC_WARN_UNUSED_VARIABLE = YES;
				INFOPLIST_FILE = "";
				IPHONEOS_DEPLOYMENT_TARGET = 13.4;
				MTL_ENABLE_DEBUG_INFO = NO;
				MTL_FAST_MATH = YES;
				SDKROOT = iphoneos;
				SWIFT_COMPILATION_MODE = wholemodule;
				SWIFT_OPTIMIZATION_LEVEL = "-O";
				VALIDATE_PRODUCT = YES;
			};
			name = Release;
		};
		E38890A42456C5E300DAACAB /* Debug */ = {
			isa = XCBuildConfiguration;
			buildSettings = {
				ASSETCATALOG_COMPILER_APPICON_NAME = AppIcon;
				CODE_SIGN_STYLE = Automatic;
				DEVELOPMENT_TEAM = 9DWAQ5NDN9;
				INFOPLIST_FILE = MyNetflix/Info.plist;
				LD_RUNPATH_SEARCH_PATHS = (
					"$(inherited)",
					"@executable_path/Frameworks",
				);
				PRODUCT_BUNDLE_IDENTIFIER = minho.MyNetflix;
				PRODUCT_NAME = "$(TARGET_NAME)";
				SWIFT_VERSION = 5.0;
				TARGETED_DEVICE_FAMILY = "1,2";
			};
			name = Debug;
		};
		E38890A52456C5E300DAACAB /* Release */ = {
			isa = XCBuildConfiguration;
			buildSettings = {
				ASSETCATALOG_COMPILER_APPICON_NAME = AppIcon;
				CODE_SIGN_STYLE = Automatic;
				DEVELOPMENT_TEAM = 9DWAQ5NDN9;
				INFOPLIST_FILE = MyNetflix/Info.plist;
				LD_RUNPATH_SEARCH_PATHS = (
					"$(inherited)",
					"@executable_path/Frameworks",
				);
				PRODUCT_BUNDLE_IDENTIFIER = minho.MyNetflix;
				PRODUCT_NAME = "$(TARGET_NAME)";
				SWIFT_VERSION = 5.0;
				TARGETED_DEVICE_FAMILY = "1,2";
			};
			name = Release;
		};
/* End XCBuildConfiguration section */

/* Begin XCConfigurationList section */
		E388908A2456C5E100DAACAB /* Build configuration list for PBXProject "MyNetflix" */ = {
			isa = XCConfigurationList;
			buildConfigurations = (
				E38890A12456C5E300DAACAB /* Debug */,
				E38890A22456C5E300DAACAB /* Release */,
			);
			defaultConfigurationIsVisible = 0;
			defaultConfigurationName = Release;
		};
		E38890A32456C5E300DAACAB /* Build configuration list for PBXNativeTarget "MyNetflix" */ = {
			isa = XCConfigurationList;
			buildConfigurations = (
				E38890A42456C5E300DAACAB /* Debug */,
				E38890A52456C5E300DAACAB /* Release */,
			);
			defaultConfigurationIsVisible = 0;
			defaultConfigurationName = Release;
		};
/* End XCConfigurationList section */

/* Begin XCRemoteSwiftPackageReference section */
		E358B9C92460985C008CEB0F /* XCRemoteSwiftPackageReference "Kingfisher" */ = {
			isa = XCRemoteSwiftPackageReference;
			repositoryURL = "https://github.com/onevcat/Kingfisher";
			requirement = {
				kind = upToNextMajorVersion;
				minimumVersion = 5.13.4;
			};
		};
/* End XCRemoteSwiftPackageReference section */

/* Begin XCSwiftPackageProductDependency section */
		E358B9CA2460985C008CEB0F /* Kingfisher */ = {
			isa = XCSwiftPackageProductDependency;
			package = E358B9C92460985C008CEB0F /* XCRemoteSwiftPackageReference "Kingfisher" */;
			productName = Kingfisher;
		};
/* End XCSwiftPackageProductDependency section */
	};
	rootObject = E38890872456C5E100DAACAB /* Project object */;
}
